
Microsoft Visual Studio Solution File, Format Version 12.00
# Visual Studio Version 17
VisualStudioVersion = 17.0.31903.59
MinimumVisualStudioVersion = 10.0.40219.1
Project("{9A19103F-16F7-4668-BE54-9A1E7A4F7556}") = "EtwEvents.Server", "EtwEvents.Server\EtwEvents.Server.csproj", "{E97B6F12-EBA0-46BE-9256-E658ECB6E725}"
EndProject
Project("{9A19103F-16F7-4668-BE54-9A1E7A4F7556}") = "EtwEvents.SampleClient", "EtwEvents.Client\EtwEvents.SampleClient.csproj", "{61B88BD7-160F-49EB-90B5-FDF3056BD5FF}"
EndProject
Project("{9A19103F-16F7-4668-BE54-9A1E7A4F7556}") = "EtwEvents.WebClient", "EtwEvents.WebClient\EtwEvents.WebClient.csproj", "{391303C0-124D-467E-8A96-2B8ECD0643B2}"
EndProject
Project("{2150E333-8FDC-42A3-9474-1A3956D46DE8}") = "Solution Items", "Solution Items", "{82F0CB74-AC20-47F3-98FD-D659AFE71C42}"
	ProjectSection(SolutionItems) = preProject
		.filenesting.json = .filenesting.json
		CleanupBinObj.cmd = CleanupBinObj.cmd
		msbuild.bat = msbuild.bat
	EndProjectSection
EndProject
Project("{9A19103F-16F7-4668-BE54-9A1E7A4F7556}") = "EtwEvents.Client.Shared", "EtwEvents.Client.Shared\EtwEvents.Client.Shared.csproj", "{8532908E-0353-4ECD-A432-2D90209D9E1A}"
EndProject
Project("{9A19103F-16F7-4668-BE54-9A1E7A4F7556}") = "EtwEvents.Server.Shared", "EtwEvents.Server.Shared\EtwEvents.Server.Shared.csproj", "{CBE808FE-7C04-43BA-997D-35EC9C5E5B36}"
EndProject
Project("{9A19103F-16F7-4668-BE54-9A1E7A4F7556}") = "EtwEvents.Protobuf.Shared", "EtwEvents.Protobuf.Shared\EtwEvents.Protobuf.Shared.csproj", "{026DF73B-5AC0-4C4E-A0E7-6034A987FD20}"
EndProject
Project("{9A19103F-16F7-4668-BE54-9A1E7A4F7556}") = "EtwEvents.PushAgent", "EtwEvents.PushAgent\EtwEvents.PushAgent.csproj", "{E3949C98-B45B-40F4-9830-2A19C9383CE3}"
EndProject
Project("{2150E333-8FDC-42A3-9474-1A3956D46DE8}") = "EventSinks", "EventSinks", "{89C33CBB-6F1B-431C-AC75-24C9DBD9A3E5}"
EndProject
Project("{9A19103F-16F7-4668-BE54-9A1E7A4F7556}") = "EtwEvents.MongoSink", "EventSinks\EtwEvents.MongoSink\EtwEvents.MongoSink.csproj", "{CD7CBB13-8F2B-4CBC-B2E7-4DBC7F2005AD}"
EndProject
Project("{9A19103F-16F7-4668-BE54-9A1E7A4F7556}") = "EtwEvents.ElasticSink", "EventSinks\EtwEvents.ElasticSink\EtwEvents.ElasticSink.csproj", "{9C69DBCA-6E5A-4F7A-98B3-CD9F7B7FA628}"
EndProject
Project("{9A19103F-16F7-4668-BE54-9A1E7A4F7556}") = "EtwEvents.SeqSink", "EventSinks\EtwEvents.SeqSink\EtwEvents.SeqSink.csproj", "{51636BC6-D747-40CF-8877-5F90C6A96401}"
EndProject
Project("{9A19103F-16F7-4668-BE54-9A1E7A4F7556}") = "EtwEvents.RollingFileSink", "EventSinks\EtwEvents.RollingFileSink\EtwEvents.RollingFileSink.csproj", "{73212ADE-8DFC-4428-8176-B3ADCAF9A8B3}"
EndProject
Project("{9A19103F-16F7-4668-BE54-9A1E7A4F7556}") = "EtwEvents.AgentManager", "EtwEvents.AgentManager\EtwEvents.AgentManager.csproj", "{857DAFAD-88CE-4F76-B149-6F14993FDE6B}"
EndProject
Project("{9A19103F-16F7-4668-BE54-9A1E7A4F7556}") = "EtwEvents.Tests", "EtwEvents.Tests\EtwEvents.Tests.csproj", "{B598139A-86E3-49AB-A3A1-497A60927180}"
EndProject
Project("{9A19103F-16F7-4668-BE54-9A1E7A4F7556}") = "EtwEvents.gRPCSink", "EventSinks\EtwEvents.gRPCSink\EtwEvents.gRPCSink.csproj", "{ADE18974-95EB-4D85-8317-CC0C806F7ACA}"
EndProject
Project("{9A19103F-16F7-4668-BE54-9A1E7A4F7556}") = "EtwEvents.Shared", "EtwEvents.Shared\EtwEvents.Shared.csproj", "{2F22F789-8EC7-42DE-A2B9-B005D7E51DED}"
EndProject
Global
	GlobalSection(SolutionConfigurationPlatforms) = preSolution
		Debug|Any CPU = Debug|Any CPU
		Debug|x64 = Debug|x64
		Release|Any CPU = Release|Any CPU
		Release|x64 = Release|x64
	EndGlobalSection
	GlobalSection(ProjectConfigurationPlatforms) = postSolution
		{E97B6F12-EBA0-46BE-9256-E658ECB6E725}.Debug|Any CPU.ActiveCfg = Debug|Any CPU
		{E97B6F12-EBA0-46BE-9256-E658ECB6E725}.Debug|Any CPU.Build.0 = Debug|Any CPU
		{E97B6F12-EBA0-46BE-9256-E658ECB6E725}.Debug|x64.ActiveCfg = Debug|Any CPU
		{E97B6F12-EBA0-46BE-9256-E658ECB6E725}.Debug|x64.Build.0 = Debug|Any CPU
		{E97B6F12-EBA0-46BE-9256-E658ECB6E725}.Release|Any CPU.ActiveCfg = Release|Any CPU
		{E97B6F12-EBA0-46BE-9256-E658ECB6E725}.Release|Any CPU.Build.0 = Release|Any CPU
		{E97B6F12-EBA0-46BE-9256-E658ECB6E725}.Release|x64.ActiveCfg = Release|Any CPU
		{E97B6F12-EBA0-46BE-9256-E658ECB6E725}.Release|x64.Build.0 = Release|Any CPU
		{61B88BD7-160F-49EB-90B5-FDF3056BD5FF}.Debug|Any CPU.ActiveCfg = Debug|Any CPU
		{61B88BD7-160F-49EB-90B5-FDF3056BD5FF}.Debug|Any CPU.Build.0 = Debug|Any CPU
		{61B88BD7-160F-49EB-90B5-FDF3056BD5FF}.Debug|x64.ActiveCfg = Debug|Any CPU
		{61B88BD7-160F-49EB-90B5-FDF3056BD5FF}.Debug|x64.Build.0 = Debug|Any CPU
		{61B88BD7-160F-49EB-90B5-FDF3056BD5FF}.Release|Any CPU.ActiveCfg = Release|Any CPU
		{61B88BD7-160F-49EB-90B5-FDF3056BD5FF}.Release|Any CPU.Build.0 = Release|Any CPU
		{61B88BD7-160F-49EB-90B5-FDF3056BD5FF}.Release|x64.ActiveCfg = Release|Any CPU
		{61B88BD7-160F-49EB-90B5-FDF3056BD5FF}.Release|x64.Build.0 = Release|Any CPU
		{391303C0-124D-467E-8A96-2B8ECD0643B2}.Debug|Any CPU.ActiveCfg = Debug|Any CPU
		{391303C0-124D-467E-8A96-2B8ECD0643B2}.Debug|Any CPU.Build.0 = Debug|Any CPU
		{391303C0-124D-467E-8A96-2B8ECD0643B2}.Debug|x64.ActiveCfg = Debug|Any CPU
		{391303C0-124D-467E-8A96-2B8ECD0643B2}.Debug|x64.Build.0 = Debug|Any CPU
		{391303C0-124D-467E-8A96-2B8ECD0643B2}.Release|Any CPU.ActiveCfg = Release|Any CPU
		{391303C0-124D-467E-8A96-2B8ECD0643B2}.Release|Any CPU.Build.0 = Release|Any CPU
		{391303C0-124D-467E-8A96-2B8ECD0643B2}.Release|x64.ActiveCfg = Release|Any CPU
		{391303C0-124D-467E-8A96-2B8ECD0643B2}.Release|x64.Build.0 = Release|Any CPU
		{8532908E-0353-4ECD-A432-2D90209D9E1A}.Debug|Any CPU.ActiveCfg = Debug|Any CPU
		{8532908E-0353-4ECD-A432-2D90209D9E1A}.Debug|Any CPU.Build.0 = Debug|Any CPU
		{8532908E-0353-4ECD-A432-2D90209D9E1A}.Debug|x64.ActiveCfg = Debug|Any CPU
		{8532908E-0353-4ECD-A432-2D90209D9E1A}.Debug|x64.Build.0 = Debug|Any CPU
		{8532908E-0353-4ECD-A432-2D90209D9E1A}.Release|Any CPU.ActiveCfg = Release|Any CPU
		{8532908E-0353-4ECD-A432-2D90209D9E1A}.Release|Any CPU.Build.0 = Release|Any CPU
		{8532908E-0353-4ECD-A432-2D90209D9E1A}.Release|x64.ActiveCfg = Release|Any CPU
		{8532908E-0353-4ECD-A432-2D90209D9E1A}.Release|x64.Build.0 = Release|Any CPU
		{CBE808FE-7C04-43BA-997D-35EC9C5E5B36}.Debug|Any CPU.ActiveCfg = Debug|Any CPU
		{CBE808FE-7C04-43BA-997D-35EC9C5E5B36}.Debug|Any CPU.Build.0 = Debug|Any CPU
		{CBE808FE-7C04-43BA-997D-35EC9C5E5B36}.Debug|x64.ActiveCfg = Debug|Any CPU
		{CBE808FE-7C04-43BA-997D-35EC9C5E5B36}.Debug|x64.Build.0 = Debug|Any CPU
		{CBE808FE-7C04-43BA-997D-35EC9C5E5B36}.Release|Any CPU.ActiveCfg = Release|Any CPU
		{CBE808FE-7C04-43BA-997D-35EC9C5E5B36}.Release|Any CPU.Build.0 = Release|Any CPU
		{CBE808FE-7C04-43BA-997D-35EC9C5E5B36}.Release|x64.ActiveCfg = Release|Any CPU
		{CBE808FE-7C04-43BA-997D-35EC9C5E5B36}.Release|x64.Build.0 = Release|Any CPU
		{026DF73B-5AC0-4C4E-A0E7-6034A987FD20}.Debug|Any CPU.ActiveCfg = Debug|Any CPU
		{026DF73B-5AC0-4C4E-A0E7-6034A987FD20}.Debug|Any CPU.Build.0 = Debug|Any CPU
		{026DF73B-5AC0-4C4E-A0E7-6034A987FD20}.Debug|x64.ActiveCfg = Debug|Any CPU
		{026DF73B-5AC0-4C4E-A0E7-6034A987FD20}.Debug|x64.Build.0 = Debug|Any CPU
		{026DF73B-5AC0-4C4E-A0E7-6034A987FD20}.Release|Any CPU.ActiveCfg = Release|Any CPU
		{026DF73B-5AC0-4C4E-A0E7-6034A987FD20}.Release|Any CPU.Build.0 = Release|Any CPU
		{026DF73B-5AC0-4C4E-A0E7-6034A987FD20}.Release|x64.ActiveCfg = Release|Any CPU
		{026DF73B-5AC0-4C4E-A0E7-6034A987FD20}.Release|x64.Build.0 = Release|Any CPU
		{E3949C98-B45B-40F4-9830-2A19C9383CE3}.Debug|Any CPU.ActiveCfg = Debug|Any CPU
		{E3949C98-B45B-40F4-9830-2A19C9383CE3}.Debug|Any CPU.Build.0 = Debug|Any CPU
		{E3949C98-B45B-40F4-9830-2A19C9383CE3}.Debug|x64.ActiveCfg = Debug|Any CPU
		{E3949C98-B45B-40F4-9830-2A19C9383CE3}.Debug|x64.Build.0 = Debug|Any CPU
		{E3949C98-B45B-40F4-9830-2A19C9383CE3}.Release|Any CPU.ActiveCfg = Release|Any CPU
		{E3949C98-B45B-40F4-9830-2A19C9383CE3}.Release|Any CPU.Build.0 = Release|Any CPU
		{E3949C98-B45B-40F4-9830-2A19C9383CE3}.Release|x64.ActiveCfg = Release|Any CPU
		{E3949C98-B45B-40F4-9830-2A19C9383CE3}.Release|x64.Build.0 = Release|Any CPU
		{CD7CBB13-8F2B-4CBC-B2E7-4DBC7F2005AD}.Debug|Any CPU.ActiveCfg = Debug|Any CPU
		{CD7CBB13-8F2B-4CBC-B2E7-4DBC7F2005AD}.Debug|Any CPU.Build.0 = Debug|Any CPU
		{CD7CBB13-8F2B-4CBC-B2E7-4DBC7F2005AD}.Debug|x64.ActiveCfg = Debug|Any CPU
		{CD7CBB13-8F2B-4CBC-B2E7-4DBC7F2005AD}.Debug|x64.Build.0 = Debug|Any CPU
		{CD7CBB13-8F2B-4CBC-B2E7-4DBC7F2005AD}.Release|Any CPU.ActiveCfg = Release|Any CPU
		{CD7CBB13-8F2B-4CBC-B2E7-4DBC7F2005AD}.Release|Any CPU.Build.0 = Release|Any CPU
		{CD7CBB13-8F2B-4CBC-B2E7-4DBC7F2005AD}.Release|x64.ActiveCfg = Release|Any CPU
		{CD7CBB13-8F2B-4CBC-B2E7-4DBC7F2005AD}.Release|x64.Build.0 = Release|Any CPU
		{9C69DBCA-6E5A-4F7A-98B3-CD9F7B7FA628}.Debug|Any CPU.ActiveCfg = Debug|Any CPU
		{9C69DBCA-6E5A-4F7A-98B3-CD9F7B7FA628}.Debug|Any CPU.Build.0 = Debug|Any CPU
		{9C69DBCA-6E5A-4F7A-98B3-CD9F7B7FA628}.Debug|x64.ActiveCfg = Debug|Any CPU
		{9C69DBCA-6E5A-4F7A-98B3-CD9F7B7FA628}.Debug|x64.Build.0 = Debug|Any CPU
		{9C69DBCA-6E5A-4F7A-98B3-CD9F7B7FA628}.Release|Any CPU.ActiveCfg = Release|Any CPU
		{9C69DBCA-6E5A-4F7A-98B3-CD9F7B7FA628}.Release|Any CPU.Build.0 = Release|Any CPU
		{9C69DBCA-6E5A-4F7A-98B3-CD9F7B7FA628}.Release|x64.ActiveCfg = Release|Any CPU
		{9C69DBCA-6E5A-4F7A-98B3-CD9F7B7FA628}.Release|x64.Build.0 = Release|Any CPU
		{51636BC6-D747-40CF-8877-5F90C6A96401}.Debug|Any CPU.ActiveCfg = Debug|Any CPU
		{51636BC6-D747-40CF-8877-5F90C6A96401}.Debug|Any CPU.Build.0 = Debug|Any CPU
		{51636BC6-D747-40CF-8877-5F90C6A96401}.Debug|x64.ActiveCfg = Debug|Any CPU
		{51636BC6-D747-40CF-8877-5F90C6A96401}.Debug|x64.Build.0 = Debug|Any CPU
		{51636BC6-D747-40CF-8877-5F90C6A96401}.Release|Any CPU.ActiveCfg = Release|Any CPU
		{51636BC6-D747-40CF-8877-5F90C6A96401}.Release|Any CPU.Build.0 = Release|Any CPU
		{51636BC6-D747-40CF-8877-5F90C6A96401}.Release|x64.ActiveCfg = Release|Any CPU
		{51636BC6-D747-40CF-8877-5F90C6A96401}.Release|x64.Build.0 = Release|Any CPU
		{73212ADE-8DFC-4428-8176-B3ADCAF9A8B3}.Debug|Any CPU.ActiveCfg = Debug|Any CPU
		{73212ADE-8DFC-4428-8176-B3ADCAF9A8B3}.Debug|Any CPU.Build.0 = Debug|Any CPU
		{73212ADE-8DFC-4428-8176-B3ADCAF9A8B3}.Debug|x64.ActiveCfg = Debug|Any CPU
		{73212ADE-8DFC-4428-8176-B3ADCAF9A8B3}.Debug|x64.Build.0 = Debug|Any CPU
		{73212ADE-8DFC-4428-8176-B3ADCAF9A8B3}.Release|Any CPU.ActiveCfg = Release|Any CPU
		{73212ADE-8DFC-4428-8176-B3ADCAF9A8B3}.Release|Any CPU.Build.0 = Release|Any CPU
		{73212ADE-8DFC-4428-8176-B3ADCAF9A8B3}.Release|x64.ActiveCfg = Release|Any CPU
		{73212ADE-8DFC-4428-8176-B3ADCAF9A8B3}.Release|x64.Build.0 = Release|Any CPU
		{857DAFAD-88CE-4F76-B149-6F14993FDE6B}.Debug|Any CPU.ActiveCfg = Debug|Any CPU
		{857DAFAD-88CE-4F76-B149-6F14993FDE6B}.Debug|Any CPU.Build.0 = Debug|Any CPU
		{857DAFAD-88CE-4F76-B149-6F14993FDE6B}.Debug|x64.ActiveCfg = Debug|Any CPU
		{857DAFAD-88CE-4F76-B149-6F14993FDE6B}.Debug|x64.Build.0 = Debug|Any CPU
		{857DAFAD-88CE-4F76-B149-6F14993FDE6B}.Release|Any CPU.ActiveCfg = Release|Any CPU
		{857DAFAD-88CE-4F76-B149-6F14993FDE6B}.Release|Any CPU.Build.0 = Release|Any CPU
		{857DAFAD-88CE-4F76-B149-6F14993FDE6B}.Release|x64.ActiveCfg = Release|Any CPU
		{857DAFAD-88CE-4F76-B149-6F14993FDE6B}.Release|x64.Build.0 = Release|Any CPU
		{B598139A-86E3-49AB-A3A1-497A60927180}.Debug|Any CPU.ActiveCfg = Debug|Any CPU
		{B598139A-86E3-49AB-A3A1-497A60927180}.Debug|Any CPU.Build.0 = Debug|Any CPU
		{B598139A-86E3-49AB-A3A1-497A60927180}.Debug|x64.ActiveCfg = Debug|Any CPU
		{B598139A-86E3-49AB-A3A1-497A60927180}.Debug|x64.Build.0 = Debug|Any CPU
		{B598139A-86E3-49AB-A3A1-497A60927180}.Release|Any CPU.ActiveCfg = Release|Any CPU
		{B598139A-86E3-49AB-A3A1-497A60927180}.Release|Any CPU.Build.0 = Release|Any CPU
		{B598139A-86E3-49AB-A3A1-497A60927180}.Release|x64.ActiveCfg = Release|Any CPU
		{B598139A-86E3-49AB-A3A1-497A60927180}.Release|x64.Build.0 = Release|Any CPU
		{ADE18974-95EB-4D85-8317-CC0C806F7ACA}.Debug|Any CPU.ActiveCfg = Debug|Any CPU
		{ADE18974-95EB-4D85-8317-CC0C806F7ACA}.Debug|Any CPU.Build.0 = Debug|Any CPU
		{ADE18974-95EB-4D85-8317-CC0C806F7ACA}.Debug|x64.ActiveCfg = Debug|Any CPU
		{ADE18974-95EB-4D85-8317-CC0C806F7ACA}.Debug|x64.Build.0 = Debug|Any CPU
		{ADE18974-95EB-4D85-8317-CC0C806F7ACA}.Release|Any CPU.ActiveCfg = Release|Any CPU
		{ADE18974-95EB-4D85-8317-CC0C806F7ACA}.Release|Any CPU.Build.0 = Release|Any CPU
		{ADE18974-95EB-4D85-8317-CC0C806F7ACA}.Release|x64.ActiveCfg = Release|Any CPU
		{ADE18974-95EB-4D85-8317-CC0C806F7ACA}.Release|x64.Build.0 = Release|Any CPU
		{2F22F789-8EC7-42DE-A2B9-B005D7E51DED}.Debug|Any CPU.ActiveCfg = Debug|Any CPU
		{2F22F789-8EC7-42DE-A2B9-B005D7E51DED}.Debug|Any CPU.Build.0 = Debug|Any CPU
		{2F22F789-8EC7-42DE-A2B9-B005D7E51DED}.Debug|x64.ActiveCfg = Debug|Any CPU
		{2F22F789-8EC7-42DE-A2B9-B005D7E51DED}.Debug|x64.Build.0 = Debug|Any CPU
		{2F22F789-8EC7-42DE-A2B9-B005D7E51DED}.Release|Any CPU.ActiveCfg = Release|Any CPU
		{2F22F789-8EC7-42DE-A2B9-B005D7E51DED}.Release|Any CPU.Build.0 = Release|Any CPU
		{2F22F789-8EC7-42DE-A2B9-B005D7E51DED}.Release|x64.ActiveCfg = Release|Any CPU
		{2F22F789-8EC7-42DE-A2B9-B005D7E51DED}.Release|x64.Build.0 = Release|Any CPU
	EndGlobalSection
	GlobalSection(SolutionProperties) = preSolution
		HideSolutionNode = FALSE
	EndGlobalSection
	GlobalSection(NestedProjects) = preSolution
		{CD7CBB13-8F2B-4CBC-B2E7-4DBC7F2005AD} = {89C33CBB-6F1B-431C-AC75-24C9DBD9A3E5}
		{9C69DBCA-6E5A-4F7A-98B3-CD9F7B7FA628} = {89C33CBB-6F1B-431C-AC75-24C9DBD9A3E5}
		{51636BC6-D747-40CF-8877-5F90C6A96401} = {89C33CBB-6F1B-431C-AC75-24C9DBD9A3E5}
		{73212ADE-8DFC-4428-8176-B3ADCAF9A8B3} = {89C33CBB-6F1B-431C-AC75-24C9DBD9A3E5}
		{ADE18974-95EB-4D85-8317-CC0C806F7ACA} = {89C33CBB-6F1B-431C-AC75-24C9DBD9A3E5}
	EndGlobalSection
	GlobalSection(ExtensibilityGlobals) = postSolution
		SolutionGuid = {BED8DED3-F3B6-4088-9C5F-4B98EC72BADB}
	EndGlobalSection
EndGlobal
