
Microsoft Visual Studio Solution File, Format Version 12.00
# Visual Studio Version 16
VisualStudioVersion = 16.0.28803.156
MinimumVisualStudioVersion = 10.0.40219.1
Project("{9A19103F-16F7-4668-BE54-9A1E7A4F7556}") = "EtwEvents.Server", "EtwEvents.Server\EtwEvents.Server.csproj", "{E97B6F12-EBA0-46BE-9256-E658ECB6E725}"
EndProject
Project("{9A19103F-16F7-4668-BE54-9A1E7A4F7556}") = "EtwEvents.SampleClient", "EtwEvents.Client\EtwEvents.SampleClient.csproj", "{61B88BD7-160F-49EB-90B5-FDF3056BD5FF}"
EndProject
Project("{9A19103F-16F7-4668-BE54-9A1E7A4F7556}") = "EtwEvents.WebClient", "EtwEvents.WebClient\EtwEvents.WebClient.csproj", "{391303C0-124D-467E-8A96-2B8ECD0643B2}"
EndProject
Project("{2150E333-8FDC-42A3-9474-1A3956D46DE8}") = "Solution Items", "Solution Items", "{82F0CB74-AC20-47F3-98FD-D659AFE71C42}"
	ProjectSection(SolutionItems) = preProject
		.filenesting.json = .filenesting.json
		CleanupBinObj.cmd = CleanupBinObj.cmd
		msbuild.bat = msbuild.bat
	EndProjectSection
EndProject
Project("{9A19103F-16F7-4668-BE54-9A1E7A4F7556}") = "EtwEvents.MongoSink", "EtwEvents.MongoSink\EtwEvents.MongoSink.csproj", "{C083A5EC-20DA-4BC6-B083-D7FD56C7826D}"
EndProject
Project("{9A19103F-16F7-4668-BE54-9A1E7A4F7556}") = "EtwEvents.Client.Shared", "EtwEvents.Client.Shared\EtwEvents.Client.Shared.csproj", "{8532908E-0353-4ECD-A432-2D90209D9E1A}"
EndProject
Project("{9A19103F-16F7-4668-BE54-9A1E7A4F7556}") = "EtwEvents.ElasticSink", "EtwEvents.ElasticSink\EtwEvents.ElasticSink.csproj", "{8B74D4A2-55BD-403C-9570-DE6BDE31A0A4}"
EndProject
Project("{FAE04EC0-301F-11D3-BF4B-00C04F79EFBC}") = "EtwEvents.SeqSink", "EtwEvents.SeqSink\EtwEvents.SeqSink.csproj", "{3606E22A-159A-4C8A-9484-22D14C766EC3}"
EndProject
Global
	GlobalSection(SolutionConfigurationPlatforms) = preSolution
		Debug|Any CPU = Debug|Any CPU
		Release|Any CPU = Release|Any CPU
	EndGlobalSection
	GlobalSection(ProjectConfigurationPlatforms) = postSolution
		{E97B6F12-EBA0-46BE-9256-E658ECB6E725}.Debug|Any CPU.ActiveCfg = Debug|Any CPU
		{E97B6F12-EBA0-46BE-9256-E658ECB6E725}.Debug|Any CPU.Build.0 = Debug|Any CPU
		{E97B6F12-EBA0-46BE-9256-E658ECB6E725}.Release|Any CPU.ActiveCfg = Release|Any CPU
		{E97B6F12-EBA0-46BE-9256-E658ECB6E725}.Release|Any CPU.Build.0 = Release|Any CPU
		{61B88BD7-160F-49EB-90B5-FDF3056BD5FF}.Debug|Any CPU.ActiveCfg = Debug|Any CPU
		{61B88BD7-160F-49EB-90B5-FDF3056BD5FF}.Debug|Any CPU.Build.0 = Debug|Any CPU
		{61B88BD7-160F-49EB-90B5-FDF3056BD5FF}.Release|Any CPU.ActiveCfg = Release|Any CPU
		{61B88BD7-160F-49EB-90B5-FDF3056BD5FF}.Release|Any CPU.Build.0 = Release|Any CPU
		{391303C0-124D-467E-8A96-2B8ECD0643B2}.Debug|Any CPU.ActiveCfg = Debug|Any CPU
		{391303C0-124D-467E-8A96-2B8ECD0643B2}.Debug|Any CPU.Build.0 = Debug|Any CPU
		{391303C0-124D-467E-8A96-2B8ECD0643B2}.Release|Any CPU.ActiveCfg = Release|Any CPU
		{391303C0-124D-467E-8A96-2B8ECD0643B2}.Release|Any CPU.Build.0 = Release|Any CPU
		{C083A5EC-20DA-4BC6-B083-D7FD56C7826D}.Debug|Any CPU.ActiveCfg = Debug|Any CPU
		{C083A5EC-20DA-4BC6-B083-D7FD56C7826D}.Debug|Any CPU.Build.0 = Debug|Any CPU
		{C083A5EC-20DA-4BC6-B083-D7FD56C7826D}.Release|Any CPU.ActiveCfg = Release|Any CPU
		{C083A5EC-20DA-4BC6-B083-D7FD56C7826D}.Release|Any CPU.Build.0 = Release|Any CPU
		{8532908E-0353-4ECD-A432-2D90209D9E1A}.Debug|Any CPU.ActiveCfg = Debug|Any CPU
		{8532908E-0353-4ECD-A432-2D90209D9E1A}.Debug|Any CPU.Build.0 = Debug|Any CPU
		{8532908E-0353-4ECD-A432-2D90209D9E1A}.Release|Any CPU.ActiveCfg = Release|Any CPU
		{8532908E-0353-4ECD-A432-2D90209D9E1A}.Release|Any CPU.Build.0 = Release|Any CPU
		{8B74D4A2-55BD-403C-9570-DE6BDE31A0A4}.Debug|Any CPU.ActiveCfg = Debug|Any CPU
		{8B74D4A2-55BD-403C-9570-DE6BDE31A0A4}.Debug|Any CPU.Build.0 = Debug|Any CPU
		{8B74D4A2-55BD-403C-9570-DE6BDE31A0A4}.Release|Any CPU.ActiveCfg = Release|Any CPU
		{8B74D4A2-55BD-403C-9570-DE6BDE31A0A4}.Release|Any CPU.Build.0 = Release|Any CPU
		{3606E22A-159A-4C8A-9484-22D14C766EC3}.Debug|Any CPU.ActiveCfg = Debug|Any CPU
		{3606E22A-159A-4C8A-9484-22D14C766EC3}.Debug|Any CPU.Build.0 = Debug|Any CPU
		{3606E22A-159A-4C8A-9484-22D14C766EC3}.Release|Any CPU.ActiveCfg = Release|Any CPU
		{3606E22A-159A-4C8A-9484-22D14C766EC3}.Release|Any CPU.Build.0 = Release|Any CPU
	EndGlobalSection
	GlobalSection(SolutionProperties) = preSolution
		HideSolutionNode = FALSE
	EndGlobalSection
	GlobalSection(ExtensibilityGlobals) = postSolution
		SolutionGuid = {BED8DED3-F3B6-4088-9C5F-4B98EC72BADB}
	EndGlobalSection
EndGlobal
