
Microsoft Visual Studio Solution File, Format Version 12.00
# Visual Studio Version 17
VisualStudioVersion = 17.0.31903.59
MinimumVisualStudioVersion = 10.0.40219.1
Project("{2150E333-8FDC-42A3-9474-1A3956D46DE8}") = "Solution Items", "Solution Items", "{82F0CB74-AC20-47F3-98FD-D659AFE71C42}"
	ProjectSection(SolutionItems) = preProject
		.filenesting.json = .filenesting.json
		CleanupBinObj.cmd = CleanupBinObj.cmd
		common.props = common.props
		InstallDevCertificates.cmd = InstallDevCertificates.cmd
		InstallDevCertificates.ps1 = InstallDevCertificates.ps1
		msbuild.bat = msbuild.bat
		ReadMe.md = ReadMe.md
	EndProjectSection
EndProject
Project("{9A19103F-16F7-4668-BE54-9A1E7A4F7556}") = "EtwEvents.Client.Shared", "EtwEvents.Client.Shared\EtwEvents.Client.Shared.csproj", "{8532908E-0353-4ECD-A432-2D90209D9E1A}"
EndProject
Project("{9A19103F-16F7-4668-BE54-9A1E7A4F7556}") = "EtwEvents.Server.Shared", "EtwEvents.Server.Shared\EtwEvents.Server.Shared.csproj", "{CBE808FE-7C04-43BA-997D-35EC9C5E5B36}"
EndProject
Project("{9A19103F-16F7-4668-BE54-9A1E7A4F7556}") = "EtwEvents.Protobuf.Shared", "EtwEvents.Protobuf.Shared\EtwEvents.Protobuf.Shared.csproj", "{026DF73B-5AC0-4C4E-A0E7-6034A987FD20}"
EndProject
Project("{9A19103F-16F7-4668-BE54-9A1E7A4F7556}") = "EtwEvents.PushAgent", "EtwEvents.PushAgent\EtwEvents.PushAgent.csproj", "{E3949C98-B45B-40F4-9830-2A19C9383CE3}"
EndProject
Project("{2150E333-8FDC-42A3-9474-1A3956D46DE8}") = "EventSinks", "EventSinks", "{89C33CBB-6F1B-431C-AC75-24C9DBD9A3E5}"
	ProjectSection(SolutionItems) = preProject
		EventSinks\eventSink.props = EventSinks\eventSink.props
		EventSinks\eventSink.targets = EventSinks\eventSink.targets
	EndProjectSection
EndProject
Project("{9A19103F-16F7-4668-BE54-9A1E7A4F7556}") = "EtwEvents.MongoSink", "EventSinks\EtwEvents.MongoSink\EtwEvents.MongoSink.csproj", "{CD7CBB13-8F2B-4CBC-B2E7-4DBC7F2005AD}"
EndProject
Project("{9A19103F-16F7-4668-BE54-9A1E7A4F7556}") = "EtwEvents.ElasticSink", "EventSinks\EtwEvents.ElasticSink\EtwEvents.ElasticSink.csproj", "{9C69DBCA-6E5A-4F7A-98B3-CD9F7B7FA628}"
EndProject
Project("{9A19103F-16F7-4668-BE54-9A1E7A4F7556}") = "EtwEvents.SeqSink", "EventSinks\EtwEvents.SeqSink\EtwEvents.SeqSink.csproj", "{51636BC6-D747-40CF-8877-5F90C6A96401}"
EndProject
Project("{9A19103F-16F7-4668-BE54-9A1E7A4F7556}") = "EtwEvents.RollingFileSink", "EventSinks\EtwEvents.RollingFileSink\EtwEvents.RollingFileSink.csproj", "{73212ADE-8DFC-4428-8176-B3ADCAF9A8B3}"
EndProject
Project("{9A19103F-16F7-4668-BE54-9A1E7A4F7556}") = "EtwEvents.AgentManager", "EtwEvents.AgentManager\EtwEvents.AgentManager.csproj", "{857DAFAD-88CE-4F76-B149-6F14993FDE6B}"
EndProject
Project("{9A19103F-16F7-4668-BE54-9A1E7A4F7556}") = "EtwEvents.Tests", "EtwEvents.Tests\EtwEvents.Tests.csproj", "{B598139A-86E3-49AB-A3A1-497A60927180}"
EndProject
Project("{9A19103F-16F7-4668-BE54-9A1E7A4F7556}") = "EtwEvents.gRPCSink", "EventSinks\EtwEvents.gRPCSink\EtwEvents.gRPCSink.csproj", "{ADE18974-95EB-4D85-8317-CC0C806F7ACA}"
EndProject
Project("{9A19103F-16F7-4668-BE54-9A1E7A4F7556}") = "EtwEvents.Shared", "EtwEvents.Shared\EtwEvents.Shared.csproj", "{2F22F789-8EC7-42DE-A2B9-B005D7E51DED}"
EndProject
Project("{9A19103F-16F7-4668-BE54-9A1E7A4F7556}") = "EtwEvents.Shared.EventSink", "EtwEvents.Shared.EventSink\EtwEvents.Shared.EventSink.csproj", "{E27C067D-B4C0-4F33-BBD3-E7701C8A9C30}"
EndProject
Project("{9A19103F-16F7-4668-BE54-9A1E7A4F7556}") = "EtwEvents.OpenSearchSink", "EventSinks\EtwEvents.OpenSearchSink\EtwEvents.OpenSearchSink.csproj", "{38BEA472-D57A-402F-A6C4-A3944374A250}"
EndProject
Project("{9A19103F-16F7-4668-BE54-9A1E7A4F7556}") = "EtwEvents.AzureDataCollectorSink", "EventSinks\EtwEvents.AzureDataCollectorSink\EtwEvents.AzureDataCollectorSink.csproj", "{AB8EB739-C383-44C6-B4A5-0F5091F979DC}"
EndProject
Project("{9A19103F-16F7-4668-BE54-9A1E7A4F7556}") = "EtwEvents.AzureDataCollectorSink.Tests", "EventSinks\EtwEvents.AzureDataCollectorSink.Tests\EtwEvents.AzureDataCollectorSink.Tests.csproj", "{4B8DAFE0-7940-467A-ACEB-A16F1235F416}"
EndProject
Project("{2150E333-8FDC-42A3-9474-1A3956D46DE8}") = "QuickStart", "QuickStart", "{31405B84-DF82-40E0-84C4-AB26FF682137}"
	ProjectSection(SolutionItems) = preProject
		QuickStart\my-dev-site.json = QuickStart\my-dev-site.json
		QuickStart\ReadMe.md = QuickStart\ReadMe.md
	EndProjectSection
EndProject
Project("{B7DD6F7E-DEF8-4E67-B5B7-07EF123DB6F0}") = "EtwEvents.PushAgent.Setup", "EtwEvents.PushAgent.Setup\EtwEvents.PushAgent.Setup.wixproj", "{77457BC6-BDCC-4584-ADF8-136BD661AE86}"
EndProject
Project("{9A19103F-16F7-4668-BE54-9A1E7A4F7556}") = "EtwEvents.PushAgent.Setup.Tools", "EtwEvents.PushAgent.Setup.Tools\EtwEvents.PushAgent.Setup.Tools.csproj", "{4C193FC4-FAF4-47E4-95AE-B20318A465B5}"
EndProject
Project("{9A19103F-16F7-4668-BE54-9A1E7A4F7556}") = "EtwEvents.AzureLogsIngestionSink", "EventSinks\EtwEvents.AzureLogsIngestionSink\EtwEvents.AzureLogsIngestionSink.csproj", "{8144EE73-9136-4236-B2B7-534ED6A2182A}"
EndProject
Project("{9A19103F-16F7-4668-BE54-9A1E7A4F7556}") = "EtwEvents.AzureLogsIngestionSink.Tests", "EventSinks\EtwEvents.AzureLogsIngestionSink.Tests\EtwEvents.AzureLogsIngestionSink.Tests.csproj", "{8F3CE414-58D4-40FC-A3C9-DF4A4FCACB8E}"
EndProject
Project("{FAE04EC0-301F-11D3-BF4B-00C04F79EFBC}") = "EtwEvents.AgentCommand", "EtwEvents.AgentCommand\EtwEvents.AgentCommand.csproj", "{5ED813F7-0BEC-41B5-BAF6-4AA4F7D0C6ED}"
EndProject
Project("{9A19103F-16F7-4668-BE54-9A1E7A4F7556}") = "EtwEvents.CertificateUtils", "EtwEvents.CertificateUtils\EtwEvents.CertificateUtils.csproj", "{0A343D29-DC11-483C-B69A-DD73BC8B95C4}"
EndProject
Global
	GlobalSection(SolutionConfigurationPlatforms) = preSolution
		Debug|Any CPU = Debug|Any CPU
		Debug|ARM64 = Debug|ARM64
		Debug|x64 = Debug|x64
		Debug|x86 = Debug|x86
		Release|Any CPU = Release|Any CPU
		Release|ARM64 = Release|ARM64
		Release|x64 = Release|x64
		Release|x86 = Release|x86
	EndGlobalSection
	GlobalSection(ProjectConfigurationPlatforms) = postSolution
		{8532908E-0353-4ECD-A432-2D90209D9E1A}.Debug|Any CPU.ActiveCfg = Debug|Any CPU
		{8532908E-0353-4ECD-A432-2D90209D9E1A}.Debug|Any CPU.Build.0 = Debug|Any CPU
		{8532908E-0353-4ECD-A432-2D90209D9E1A}.Debug|ARM64.ActiveCfg = Debug|Any CPU
		{8532908E-0353-4ECD-A432-2D90209D9E1A}.Debug|ARM64.Build.0 = Debug|Any CPU
		{8532908E-0353-4ECD-A432-2D90209D9E1A}.Debug|x64.ActiveCfg = Debug|Any CPU
		{8532908E-0353-4ECD-A432-2D90209D9E1A}.Debug|x64.Build.0 = Debug|Any CPU
		{8532908E-0353-4ECD-A432-2D90209D9E1A}.Debug|x86.ActiveCfg = Debug|Any CPU
		{8532908E-0353-4ECD-A432-2D90209D9E1A}.Debug|x86.Build.0 = Debug|Any CPU
		{8532908E-0353-4ECD-A432-2D90209D9E1A}.Release|Any CPU.ActiveCfg = Release|Any CPU
		{8532908E-0353-4ECD-A432-2D90209D9E1A}.Release|Any CPU.Build.0 = Release|Any CPU
		{8532908E-0353-4ECD-A432-2D90209D9E1A}.Release|ARM64.ActiveCfg = Release|Any CPU
		{8532908E-0353-4ECD-A432-2D90209D9E1A}.Release|ARM64.Build.0 = Release|Any CPU
		{8532908E-0353-4ECD-A432-2D90209D9E1A}.Release|x64.ActiveCfg = Release|Any CPU
		{8532908E-0353-4ECD-A432-2D90209D9E1A}.Release|x64.Build.0 = Release|Any CPU
		{8532908E-0353-4ECD-A432-2D90209D9E1A}.Release|x86.ActiveCfg = Release|Any CPU
		{8532908E-0353-4ECD-A432-2D90209D9E1A}.Release|x86.Build.0 = Release|Any CPU
		{CBE808FE-7C04-43BA-997D-35EC9C5E5B36}.Debug|Any CPU.ActiveCfg = Debug|Any CPU
		{CBE808FE-7C04-43BA-997D-35EC9C5E5B36}.Debug|Any CPU.Build.0 = Debug|Any CPU
		{CBE808FE-7C04-43BA-997D-35EC9C5E5B36}.Debug|ARM64.ActiveCfg = Debug|Any CPU
		{CBE808FE-7C04-43BA-997D-35EC9C5E5B36}.Debug|ARM64.Build.0 = Debug|Any CPU
		{CBE808FE-7C04-43BA-997D-35EC9C5E5B36}.Debug|x64.ActiveCfg = Debug|Any CPU
		{CBE808FE-7C04-43BA-997D-35EC9C5E5B36}.Debug|x64.Build.0 = Debug|Any CPU
		{CBE808FE-7C04-43BA-997D-35EC9C5E5B36}.Debug|x86.ActiveCfg = Debug|Any CPU
		{CBE808FE-7C04-43BA-997D-35EC9C5E5B36}.Debug|x86.Build.0 = Debug|Any CPU
		{CBE808FE-7C04-43BA-997D-35EC9C5E5B36}.Release|Any CPU.ActiveCfg = Release|Any CPU
		{CBE808FE-7C04-43BA-997D-35EC9C5E5B36}.Release|Any CPU.Build.0 = Release|Any CPU
		{CBE808FE-7C04-43BA-997D-35EC9C5E5B36}.Release|ARM64.ActiveCfg = Release|Any CPU
		{CBE808FE-7C04-43BA-997D-35EC9C5E5B36}.Release|ARM64.Build.0 = Release|Any CPU
		{CBE808FE-7C04-43BA-997D-35EC9C5E5B36}.Release|x64.ActiveCfg = Release|Any CPU
		{CBE808FE-7C04-43BA-997D-35EC9C5E5B36}.Release|x64.Build.0 = Release|Any CPU
		{CBE808FE-7C04-43BA-997D-35EC9C5E5B36}.Release|x86.ActiveCfg = Release|Any CPU
		{CBE808FE-7C04-43BA-997D-35EC9C5E5B36}.Release|x86.Build.0 = Release|Any CPU
		{026DF73B-5AC0-4C4E-A0E7-6034A987FD20}.Debug|Any CPU.ActiveCfg = Debug|Any CPU
		{026DF73B-5AC0-4C4E-A0E7-6034A987FD20}.Debug|Any CPU.Build.0 = Debug|Any CPU
		{026DF73B-5AC0-4C4E-A0E7-6034A987FD20}.Debug|ARM64.ActiveCfg = Debug|Any CPU
		{026DF73B-5AC0-4C4E-A0E7-6034A987FD20}.Debug|ARM64.Build.0 = Debug|Any CPU
		{026DF73B-5AC0-4C4E-A0E7-6034A987FD20}.Debug|x64.ActiveCfg = Debug|Any CPU
		{026DF73B-5AC0-4C4E-A0E7-6034A987FD20}.Debug|x64.Build.0 = Debug|Any CPU
		{026DF73B-5AC0-4C4E-A0E7-6034A987FD20}.Debug|x86.ActiveCfg = Debug|Any CPU
		{026DF73B-5AC0-4C4E-A0E7-6034A987FD20}.Debug|x86.Build.0 = Debug|Any CPU
		{026DF73B-5AC0-4C4E-A0E7-6034A987FD20}.Release|Any CPU.ActiveCfg = Release|Any CPU
		{026DF73B-5AC0-4C4E-A0E7-6034A987FD20}.Release|Any CPU.Build.0 = Release|Any CPU
		{026DF73B-5AC0-4C4E-A0E7-6034A987FD20}.Release|ARM64.ActiveCfg = Release|Any CPU
		{026DF73B-5AC0-4C4E-A0E7-6034A987FD20}.Release|ARM64.Build.0 = Release|Any CPU
		{026DF73B-5AC0-4C4E-A0E7-6034A987FD20}.Release|x64.ActiveCfg = Release|Any CPU
		{026DF73B-5AC0-4C4E-A0E7-6034A987FD20}.Release|x64.Build.0 = Release|Any CPU
		{026DF73B-5AC0-4C4E-A0E7-6034A987FD20}.Release|x86.ActiveCfg = Release|Any CPU
		{026DF73B-5AC0-4C4E-A0E7-6034A987FD20}.Release|x86.Build.0 = Release|Any CPU
		{E3949C98-B45B-40F4-9830-2A19C9383CE3}.Debug|Any CPU.ActiveCfg = Debug|Any CPU
		{E3949C98-B45B-40F4-9830-2A19C9383CE3}.Debug|Any CPU.Build.0 = Debug|Any CPU
		{E3949C98-B45B-40F4-9830-2A19C9383CE3}.Debug|ARM64.ActiveCfg = Debug|Any CPU
		{E3949C98-B45B-40F4-9830-2A19C9383CE3}.Debug|ARM64.Build.0 = Debug|Any CPU
		{E3949C98-B45B-40F4-9830-2A19C9383CE3}.Debug|x64.ActiveCfg = Debug|Any CPU
		{E3949C98-B45B-40F4-9830-2A19C9383CE3}.Debug|x64.Build.0 = Debug|Any CPU
		{E3949C98-B45B-40F4-9830-2A19C9383CE3}.Debug|x86.ActiveCfg = Debug|Any CPU
		{E3949C98-B45B-40F4-9830-2A19C9383CE3}.Debug|x86.Build.0 = Debug|Any CPU
		{E3949C98-B45B-40F4-9830-2A19C9383CE3}.Release|Any CPU.ActiveCfg = Release|Any CPU
		{E3949C98-B45B-40F4-9830-2A19C9383CE3}.Release|Any CPU.Build.0 = Release|Any CPU
		{E3949C98-B45B-40F4-9830-2A19C9383CE3}.Release|ARM64.ActiveCfg = Release|Any CPU
		{E3949C98-B45B-40F4-9830-2A19C9383CE3}.Release|ARM64.Build.0 = Release|Any CPU
		{E3949C98-B45B-40F4-9830-2A19C9383CE3}.Release|x64.ActiveCfg = Release|Any CPU
		{E3949C98-B45B-40F4-9830-2A19C9383CE3}.Release|x64.Build.0 = Release|Any CPU
		{E3949C98-B45B-40F4-9830-2A19C9383CE3}.Release|x86.ActiveCfg = Release|Any CPU
		{E3949C98-B45B-40F4-9830-2A19C9383CE3}.Release|x86.Build.0 = Release|Any CPU
		{CD7CBB13-8F2B-4CBC-B2E7-4DBC7F2005AD}.Debug|Any CPU.ActiveCfg = Debug|Any CPU
		{CD7CBB13-8F2B-4CBC-B2E7-4DBC7F2005AD}.Debug|Any CPU.Build.0 = Debug|Any CPU
		{CD7CBB13-8F2B-4CBC-B2E7-4DBC7F2005AD}.Debug|ARM64.ActiveCfg = Debug|Any CPU
		{CD7CBB13-8F2B-4CBC-B2E7-4DBC7F2005AD}.Debug|ARM64.Build.0 = Debug|Any CPU
		{CD7CBB13-8F2B-4CBC-B2E7-4DBC7F2005AD}.Debug|x64.ActiveCfg = Debug|Any CPU
		{CD7CBB13-8F2B-4CBC-B2E7-4DBC7F2005AD}.Debug|x64.Build.0 = Debug|Any CPU
		{CD7CBB13-8F2B-4CBC-B2E7-4DBC7F2005AD}.Debug|x86.ActiveCfg = Debug|Any CPU
		{CD7CBB13-8F2B-4CBC-B2E7-4DBC7F2005AD}.Debug|x86.Build.0 = Debug|Any CPU
		{CD7CBB13-8F2B-4CBC-B2E7-4DBC7F2005AD}.Release|Any CPU.ActiveCfg = Release|Any CPU
		{CD7CBB13-8F2B-4CBC-B2E7-4DBC7F2005AD}.Release|Any CPU.Build.0 = Release|Any CPU
		{CD7CBB13-8F2B-4CBC-B2E7-4DBC7F2005AD}.Release|ARM64.ActiveCfg = Release|Any CPU
		{CD7CBB13-8F2B-4CBC-B2E7-4DBC7F2005AD}.Release|ARM64.Build.0 = Release|Any CPU
		{CD7CBB13-8F2B-4CBC-B2E7-4DBC7F2005AD}.Release|x64.ActiveCfg = Release|Any CPU
		{CD7CBB13-8F2B-4CBC-B2E7-4DBC7F2005AD}.Release|x64.Build.0 = Release|Any CPU
		{CD7CBB13-8F2B-4CBC-B2E7-4DBC7F2005AD}.Release|x86.ActiveCfg = Release|Any CPU
		{CD7CBB13-8F2B-4CBC-B2E7-4DBC7F2005AD}.Release|x86.Build.0 = Release|Any CPU
		{9C69DBCA-6E5A-4F7A-98B3-CD9F7B7FA628}.Debug|Any CPU.ActiveCfg = Debug|Any CPU
		{9C69DBCA-6E5A-4F7A-98B3-CD9F7B7FA628}.Debug|Any CPU.Build.0 = Debug|Any CPU
		{9C69DBCA-6E5A-4F7A-98B3-CD9F7B7FA628}.Debug|ARM64.ActiveCfg = Debug|Any CPU
		{9C69DBCA-6E5A-4F7A-98B3-CD9F7B7FA628}.Debug|ARM64.Build.0 = Debug|Any CPU
		{9C69DBCA-6E5A-4F7A-98B3-CD9F7B7FA628}.Debug|x64.ActiveCfg = Debug|Any CPU
		{9C69DBCA-6E5A-4F7A-98B3-CD9F7B7FA628}.Debug|x64.Build.0 = Debug|Any CPU
		{9C69DBCA-6E5A-4F7A-98B3-CD9F7B7FA628}.Debug|x86.ActiveCfg = Debug|Any CPU
		{9C69DBCA-6E5A-4F7A-98B3-CD9F7B7FA628}.Debug|x86.Build.0 = Debug|Any CPU
		{9C69DBCA-6E5A-4F7A-98B3-CD9F7B7FA628}.Release|Any CPU.ActiveCfg = Release|Any CPU
		{9C69DBCA-6E5A-4F7A-98B3-CD9F7B7FA628}.Release|Any CPU.Build.0 = Release|Any CPU
		{9C69DBCA-6E5A-4F7A-98B3-CD9F7B7FA628}.Release|ARM64.ActiveCfg = Release|Any CPU
		{9C69DBCA-6E5A-4F7A-98B3-CD9F7B7FA628}.Release|ARM64.Build.0 = Release|Any CPU
		{9C69DBCA-6E5A-4F7A-98B3-CD9F7B7FA628}.Release|x64.ActiveCfg = Release|Any CPU
		{9C69DBCA-6E5A-4F7A-98B3-CD9F7B7FA628}.Release|x64.Build.0 = Release|Any CPU
		{9C69DBCA-6E5A-4F7A-98B3-CD9F7B7FA628}.Release|x86.ActiveCfg = Release|Any CPU
		{9C69DBCA-6E5A-4F7A-98B3-CD9F7B7FA628}.Release|x86.Build.0 = Release|Any CPU
		{51636BC6-D747-40CF-8877-5F90C6A96401}.Debug|Any CPU.ActiveCfg = Debug|Any CPU
		{51636BC6-D747-40CF-8877-5F90C6A96401}.Debug|Any CPU.Build.0 = Debug|Any CPU
		{51636BC6-D747-40CF-8877-5F90C6A96401}.Debug|ARM64.ActiveCfg = Debug|Any CPU
		{51636BC6-D747-40CF-8877-5F90C6A96401}.Debug|ARM64.Build.0 = Debug|Any CPU
		{51636BC6-D747-40CF-8877-5F90C6A96401}.Debug|x64.ActiveCfg = Debug|Any CPU
		{51636BC6-D747-40CF-8877-5F90C6A96401}.Debug|x64.Build.0 = Debug|Any CPU
		{51636BC6-D747-40CF-8877-5F90C6A96401}.Debug|x86.ActiveCfg = Debug|Any CPU
		{51636BC6-D747-40CF-8877-5F90C6A96401}.Debug|x86.Build.0 = Debug|Any CPU
		{51636BC6-D747-40CF-8877-5F90C6A96401}.Release|Any CPU.ActiveCfg = Release|Any CPU
		{51636BC6-D747-40CF-8877-5F90C6A96401}.Release|Any CPU.Build.0 = Release|Any CPU
		{51636BC6-D747-40CF-8877-5F90C6A96401}.Release|ARM64.ActiveCfg = Release|Any CPU
		{51636BC6-D747-40CF-8877-5F90C6A96401}.Release|ARM64.Build.0 = Release|Any CPU
		{51636BC6-D747-40CF-8877-5F90C6A96401}.Release|x64.ActiveCfg = Release|Any CPU
		{51636BC6-D747-40CF-8877-5F90C6A96401}.Release|x64.Build.0 = Release|Any CPU
		{51636BC6-D747-40CF-8877-5F90C6A96401}.Release|x86.ActiveCfg = Release|Any CPU
		{51636BC6-D747-40CF-8877-5F90C6A96401}.Release|x86.Build.0 = Release|Any CPU
		{73212ADE-8DFC-4428-8176-B3ADCAF9A8B3}.Debug|Any CPU.ActiveCfg = Debug|Any CPU
		{73212ADE-8DFC-4428-8176-B3ADCAF9A8B3}.Debug|Any CPU.Build.0 = Debug|Any CPU
		{73212ADE-8DFC-4428-8176-B3ADCAF9A8B3}.Debug|ARM64.ActiveCfg = Debug|Any CPU
		{73212ADE-8DFC-4428-8176-B3ADCAF9A8B3}.Debug|ARM64.Build.0 = Debug|Any CPU
		{73212ADE-8DFC-4428-8176-B3ADCAF9A8B3}.Debug|x64.ActiveCfg = Debug|Any CPU
		{73212ADE-8DFC-4428-8176-B3ADCAF9A8B3}.Debug|x64.Build.0 = Debug|Any CPU
		{73212ADE-8DFC-4428-8176-B3ADCAF9A8B3}.Debug|x86.ActiveCfg = Debug|Any CPU
		{73212ADE-8DFC-4428-8176-B3ADCAF9A8B3}.Debug|x86.Build.0 = Debug|Any CPU
		{73212ADE-8DFC-4428-8176-B3ADCAF9A8B3}.Release|Any CPU.ActiveCfg = Release|Any CPU
		{73212ADE-8DFC-4428-8176-B3ADCAF9A8B3}.Release|Any CPU.Build.0 = Release|Any CPU
		{73212ADE-8DFC-4428-8176-B3ADCAF9A8B3}.Release|ARM64.ActiveCfg = Release|Any CPU
		{73212ADE-8DFC-4428-8176-B3ADCAF9A8B3}.Release|ARM64.Build.0 = Release|Any CPU
		{73212ADE-8DFC-4428-8176-B3ADCAF9A8B3}.Release|x64.ActiveCfg = Release|Any CPU
		{73212ADE-8DFC-4428-8176-B3ADCAF9A8B3}.Release|x64.Build.0 = Release|Any CPU
		{73212ADE-8DFC-4428-8176-B3ADCAF9A8B3}.Release|x86.ActiveCfg = Release|Any CPU
		{73212ADE-8DFC-4428-8176-B3ADCAF9A8B3}.Release|x86.Build.0 = Release|Any CPU
		{857DAFAD-88CE-4F76-B149-6F14993FDE6B}.Debug|Any CPU.ActiveCfg = Debug|Any CPU
		{857DAFAD-88CE-4F76-B149-6F14993FDE6B}.Debug|Any CPU.Build.0 = Debug|Any CPU
		{857DAFAD-88CE-4F76-B149-6F14993FDE6B}.Debug|ARM64.ActiveCfg = Debug|Any CPU
		{857DAFAD-88CE-4F76-B149-6F14993FDE6B}.Debug|ARM64.Build.0 = Debug|Any CPU
		{857DAFAD-88CE-4F76-B149-6F14993FDE6B}.Debug|x64.ActiveCfg = Debug|Any CPU
		{857DAFAD-88CE-4F76-B149-6F14993FDE6B}.Debug|x64.Build.0 = Debug|Any CPU
		{857DAFAD-88CE-4F76-B149-6F14993FDE6B}.Debug|x86.ActiveCfg = Debug|Any CPU
		{857DAFAD-88CE-4F76-B149-6F14993FDE6B}.Debug|x86.Build.0 = Debug|Any CPU
		{857DAFAD-88CE-4F76-B149-6F14993FDE6B}.Release|Any CPU.ActiveCfg = Release|Any CPU
		{857DAFAD-88CE-4F76-B149-6F14993FDE6B}.Release|Any CPU.Build.0 = Release|Any CPU
		{857DAFAD-88CE-4F76-B149-6F14993FDE6B}.Release|ARM64.ActiveCfg = Release|Any CPU
		{857DAFAD-88CE-4F76-B149-6F14993FDE6B}.Release|ARM64.Build.0 = Release|Any CPU
		{857DAFAD-88CE-4F76-B149-6F14993FDE6B}.Release|x64.ActiveCfg = Release|Any CPU
		{857DAFAD-88CE-4F76-B149-6F14993FDE6B}.Release|x64.Build.0 = Release|Any CPU
		{857DAFAD-88CE-4F76-B149-6F14993FDE6B}.Release|x86.ActiveCfg = Release|Any CPU
		{857DAFAD-88CE-4F76-B149-6F14993FDE6B}.Release|x86.Build.0 = Release|Any CPU
		{B598139A-86E3-49AB-A3A1-497A60927180}.Debug|Any CPU.ActiveCfg = Debug|Any CPU
		{B598139A-86E3-49AB-A3A1-497A60927180}.Debug|Any CPU.Build.0 = Debug|Any CPU
		{B598139A-86E3-49AB-A3A1-497A60927180}.Debug|ARM64.ActiveCfg = Debug|Any CPU
		{B598139A-86E3-49AB-A3A1-497A60927180}.Debug|ARM64.Build.0 = Debug|Any CPU
		{B598139A-86E3-49AB-A3A1-497A60927180}.Debug|x64.ActiveCfg = Debug|Any CPU
		{B598139A-86E3-49AB-A3A1-497A60927180}.Debug|x64.Build.0 = Debug|Any CPU
		{B598139A-86E3-49AB-A3A1-497A60927180}.Debug|x86.ActiveCfg = Debug|Any CPU
		{B598139A-86E3-49AB-A3A1-497A60927180}.Debug|x86.Build.0 = Debug|Any CPU
		{B598139A-86E3-49AB-A3A1-497A60927180}.Release|Any CPU.ActiveCfg = Release|Any CPU
		{B598139A-86E3-49AB-A3A1-497A60927180}.Release|Any CPU.Build.0 = Release|Any CPU
		{B598139A-86E3-49AB-A3A1-497A60927180}.Release|ARM64.ActiveCfg = Release|Any CPU
		{B598139A-86E3-49AB-A3A1-497A60927180}.Release|ARM64.Build.0 = Release|Any CPU
		{B598139A-86E3-49AB-A3A1-497A60927180}.Release|x64.ActiveCfg = Release|Any CPU
		{B598139A-86E3-49AB-A3A1-497A60927180}.Release|x64.Build.0 = Release|Any CPU
		{B598139A-86E3-49AB-A3A1-497A60927180}.Release|x86.ActiveCfg = Release|Any CPU
		{B598139A-86E3-49AB-A3A1-497A60927180}.Release|x86.Build.0 = Release|Any CPU
		{ADE18974-95EB-4D85-8317-CC0C806F7ACA}.Debug|Any CPU.ActiveCfg = Debug|Any CPU
		{ADE18974-95EB-4D85-8317-CC0C806F7ACA}.Debug|Any CPU.Build.0 = Debug|Any CPU
		{ADE18974-95EB-4D85-8317-CC0C806F7ACA}.Debug|ARM64.ActiveCfg = Debug|Any CPU
		{ADE18974-95EB-4D85-8317-CC0C806F7ACA}.Debug|ARM64.Build.0 = Debug|Any CPU
		{ADE18974-95EB-4D85-8317-CC0C806F7ACA}.Debug|x64.ActiveCfg = Debug|Any CPU
		{ADE18974-95EB-4D85-8317-CC0C806F7ACA}.Debug|x64.Build.0 = Debug|Any CPU
		{ADE18974-95EB-4D85-8317-CC0C806F7ACA}.Debug|x86.ActiveCfg = Debug|Any CPU
		{ADE18974-95EB-4D85-8317-CC0C806F7ACA}.Debug|x86.Build.0 = Debug|Any CPU
		{ADE18974-95EB-4D85-8317-CC0C806F7ACA}.Release|Any CPU.ActiveCfg = Release|Any CPU
		{ADE18974-95EB-4D85-8317-CC0C806F7ACA}.Release|Any CPU.Build.0 = Release|Any CPU
		{ADE18974-95EB-4D85-8317-CC0C806F7ACA}.Release|ARM64.ActiveCfg = Release|Any CPU
		{ADE18974-95EB-4D85-8317-CC0C806F7ACA}.Release|ARM64.Build.0 = Release|Any CPU
		{ADE18974-95EB-4D85-8317-CC0C806F7ACA}.Release|x64.ActiveCfg = Release|Any CPU
		{ADE18974-95EB-4D85-8317-CC0C806F7ACA}.Release|x64.Build.0 = Release|Any CPU
		{ADE18974-95EB-4D85-8317-CC0C806F7ACA}.Release|x86.ActiveCfg = Release|Any CPU
		{ADE18974-95EB-4D85-8317-CC0C806F7ACA}.Release|x86.Build.0 = Release|Any CPU
		{2F22F789-8EC7-42DE-A2B9-B005D7E51DED}.Debug|Any CPU.ActiveCfg = Debug|Any CPU
		{2F22F789-8EC7-42DE-A2B9-B005D7E51DED}.Debug|Any CPU.Build.0 = Debug|Any CPU
		{2F22F789-8EC7-42DE-A2B9-B005D7E51DED}.Debug|ARM64.ActiveCfg = Debug|Any CPU
		{2F22F789-8EC7-42DE-A2B9-B005D7E51DED}.Debug|ARM64.Build.0 = Debug|Any CPU
		{2F22F789-8EC7-42DE-A2B9-B005D7E51DED}.Debug|x64.ActiveCfg = Debug|Any CPU
		{2F22F789-8EC7-42DE-A2B9-B005D7E51DED}.Debug|x64.Build.0 = Debug|Any CPU
		{2F22F789-8EC7-42DE-A2B9-B005D7E51DED}.Debug|x86.ActiveCfg = Debug|Any CPU
		{2F22F789-8EC7-42DE-A2B9-B005D7E51DED}.Debug|x86.Build.0 = Debug|Any CPU
		{2F22F789-8EC7-42DE-A2B9-B005D7E51DED}.Release|Any CPU.ActiveCfg = Release|Any CPU
		{2F22F789-8EC7-42DE-A2B9-B005D7E51DED}.Release|Any CPU.Build.0 = Release|Any CPU
		{2F22F789-8EC7-42DE-A2B9-B005D7E51DED}.Release|ARM64.ActiveCfg = Release|Any CPU
		{2F22F789-8EC7-42DE-A2B9-B005D7E51DED}.Release|ARM64.Build.0 = Release|Any CPU
		{2F22F789-8EC7-42DE-A2B9-B005D7E51DED}.Release|x64.ActiveCfg = Release|Any CPU
		{2F22F789-8EC7-42DE-A2B9-B005D7E51DED}.Release|x64.Build.0 = Release|Any CPU
		{2F22F789-8EC7-42DE-A2B9-B005D7E51DED}.Release|x86.ActiveCfg = Release|Any CPU
		{2F22F789-8EC7-42DE-A2B9-B005D7E51DED}.Release|x86.Build.0 = Release|Any CPU
		{E27C067D-B4C0-4F33-BBD3-E7701C8A9C30}.Debug|Any CPU.ActiveCfg = Debug|Any CPU
		{E27C067D-B4C0-4F33-BBD3-E7701C8A9C30}.Debug|Any CPU.Build.0 = Debug|Any CPU
		{E27C067D-B4C0-4F33-BBD3-E7701C8A9C30}.Debug|ARM64.ActiveCfg = Debug|Any CPU
		{E27C067D-B4C0-4F33-BBD3-E7701C8A9C30}.Debug|ARM64.Build.0 = Debug|Any CPU
		{E27C067D-B4C0-4F33-BBD3-E7701C8A9C30}.Debug|x64.ActiveCfg = Debug|Any CPU
		{E27C067D-B4C0-4F33-BBD3-E7701C8A9C30}.Debug|x64.Build.0 = Debug|Any CPU
		{E27C067D-B4C0-4F33-BBD3-E7701C8A9C30}.Debug|x86.ActiveCfg = Debug|Any CPU
		{E27C067D-B4C0-4F33-BBD3-E7701C8A9C30}.Debug|x86.Build.0 = Debug|Any CPU
		{E27C067D-B4C0-4F33-BBD3-E7701C8A9C30}.Release|Any CPU.ActiveCfg = Release|Any CPU
		{E27C067D-B4C0-4F33-BBD3-E7701C8A9C30}.Release|Any CPU.Build.0 = Release|Any CPU
		{E27C067D-B4C0-4F33-BBD3-E7701C8A9C30}.Release|ARM64.ActiveCfg = Release|Any CPU
		{E27C067D-B4C0-4F33-BBD3-E7701C8A9C30}.Release|ARM64.Build.0 = Release|Any CPU
		{E27C067D-B4C0-4F33-BBD3-E7701C8A9C30}.Release|x64.ActiveCfg = Release|Any CPU
		{E27C067D-B4C0-4F33-BBD3-E7701C8A9C30}.Release|x64.Build.0 = Release|Any CPU
		{E27C067D-B4C0-4F33-BBD3-E7701C8A9C30}.Release|x86.ActiveCfg = Release|Any CPU
		{E27C067D-B4C0-4F33-BBD3-E7701C8A9C30}.Release|x86.Build.0 = Release|Any CPU
		{38BEA472-D57A-402F-A6C4-A3944374A250}.Debug|Any CPU.ActiveCfg = Debug|Any CPU
		{38BEA472-D57A-402F-A6C4-A3944374A250}.Debug|Any CPU.Build.0 = Debug|Any CPU
		{38BEA472-D57A-402F-A6C4-A3944374A250}.Debug|ARM64.ActiveCfg = Debug|Any CPU
		{38BEA472-D57A-402F-A6C4-A3944374A250}.Debug|ARM64.Build.0 = Debug|Any CPU
		{38BEA472-D57A-402F-A6C4-A3944374A250}.Debug|x64.ActiveCfg = Debug|Any CPU
		{38BEA472-D57A-402F-A6C4-A3944374A250}.Debug|x64.Build.0 = Debug|Any CPU
		{38BEA472-D57A-402F-A6C4-A3944374A250}.Debug|x86.ActiveCfg = Debug|Any CPU
		{38BEA472-D57A-402F-A6C4-A3944374A250}.Debug|x86.Build.0 = Debug|Any CPU
		{38BEA472-D57A-402F-A6C4-A3944374A250}.Release|Any CPU.ActiveCfg = Release|Any CPU
		{38BEA472-D57A-402F-A6C4-A3944374A250}.Release|Any CPU.Build.0 = Release|Any CPU
		{38BEA472-D57A-402F-A6C4-A3944374A250}.Release|ARM64.ActiveCfg = Release|Any CPU
		{38BEA472-D57A-402F-A6C4-A3944374A250}.Release|ARM64.Build.0 = Release|Any CPU
		{38BEA472-D57A-402F-A6C4-A3944374A250}.Release|x64.ActiveCfg = Release|Any CPU
		{38BEA472-D57A-402F-A6C4-A3944374A250}.Release|x64.Build.0 = Release|Any CPU
		{38BEA472-D57A-402F-A6C4-A3944374A250}.Release|x86.ActiveCfg = Release|Any CPU
		{38BEA472-D57A-402F-A6C4-A3944374A250}.Release|x86.Build.0 = Release|Any CPU
		{AB8EB739-C383-44C6-B4A5-0F5091F979DC}.Debug|Any CPU.ActiveCfg = Debug|Any CPU
		{AB8EB739-C383-44C6-B4A5-0F5091F979DC}.Debug|Any CPU.Build.0 = Debug|Any CPU
		{AB8EB739-C383-44C6-B4A5-0F5091F979DC}.Debug|ARM64.ActiveCfg = Debug|Any CPU
		{AB8EB739-C383-44C6-B4A5-0F5091F979DC}.Debug|ARM64.Build.0 = Debug|Any CPU
		{AB8EB739-C383-44C6-B4A5-0F5091F979DC}.Debug|x64.ActiveCfg = Debug|Any CPU
		{AB8EB739-C383-44C6-B4A5-0F5091F979DC}.Debug|x64.Build.0 = Debug|Any CPU
		{AB8EB739-C383-44C6-B4A5-0F5091F979DC}.Debug|x86.ActiveCfg = Debug|Any CPU
		{AB8EB739-C383-44C6-B4A5-0F5091F979DC}.Debug|x86.Build.0 = Debug|Any CPU
		{AB8EB739-C383-44C6-B4A5-0F5091F979DC}.Release|Any CPU.ActiveCfg = Release|Any CPU
		{AB8EB739-C383-44C6-B4A5-0F5091F979DC}.Release|Any CPU.Build.0 = Release|Any CPU
		{AB8EB739-C383-44C6-B4A5-0F5091F979DC}.Release|ARM64.ActiveCfg = Release|Any CPU
		{AB8EB739-C383-44C6-B4A5-0F5091F979DC}.Release|ARM64.Build.0 = Release|Any CPU
		{AB8EB739-C383-44C6-B4A5-0F5091F979DC}.Release|x64.ActiveCfg = Release|Any CPU
		{AB8EB739-C383-44C6-B4A5-0F5091F979DC}.Release|x64.Build.0 = Release|Any CPU
		{AB8EB739-C383-44C6-B4A5-0F5091F979DC}.Release|x86.ActiveCfg = Release|Any CPU
		{AB8EB739-C383-44C6-B4A5-0F5091F979DC}.Release|x86.Build.0 = Release|Any CPU
		{4B8DAFE0-7940-467A-ACEB-A16F1235F416}.Debug|Any CPU.ActiveCfg = Debug|Any CPU
		{4B8DAFE0-7940-467A-ACEB-A16F1235F416}.Debug|Any CPU.Build.0 = Debug|Any CPU
		{4B8DAFE0-7940-467A-ACEB-A16F1235F416}.Debug|ARM64.ActiveCfg = Debug|Any CPU
		{4B8DAFE0-7940-467A-ACEB-A16F1235F416}.Debug|ARM64.Build.0 = Debug|Any CPU
		{4B8DAFE0-7940-467A-ACEB-A16F1235F416}.Debug|x64.ActiveCfg = Debug|Any CPU
		{4B8DAFE0-7940-467A-ACEB-A16F1235F416}.Debug|x64.Build.0 = Debug|Any CPU
		{4B8DAFE0-7940-467A-ACEB-A16F1235F416}.Debug|x86.ActiveCfg = Debug|Any CPU
		{4B8DAFE0-7940-467A-ACEB-A16F1235F416}.Debug|x86.Build.0 = Debug|Any CPU
		{4B8DAFE0-7940-467A-ACEB-A16F1235F416}.Release|Any CPU.ActiveCfg = Release|Any CPU
		{4B8DAFE0-7940-467A-ACEB-A16F1235F416}.Release|Any CPU.Build.0 = Release|Any CPU
		{4B8DAFE0-7940-467A-ACEB-A16F1235F416}.Release|ARM64.ActiveCfg = Release|Any CPU
		{4B8DAFE0-7940-467A-ACEB-A16F1235F416}.Release|ARM64.Build.0 = Release|Any CPU
		{4B8DAFE0-7940-467A-ACEB-A16F1235F416}.Release|x64.ActiveCfg = Release|Any CPU
		{4B8DAFE0-7940-467A-ACEB-A16F1235F416}.Release|x64.Build.0 = Release|Any CPU
		{4B8DAFE0-7940-467A-ACEB-A16F1235F416}.Release|x86.ActiveCfg = Release|Any CPU
		{4B8DAFE0-7940-467A-ACEB-A16F1235F416}.Release|x86.Build.0 = Release|Any CPU
		{77457BC6-BDCC-4584-ADF8-136BD661AE86}.Debug|Any CPU.ActiveCfg = Debug|x64
		{77457BC6-BDCC-4584-ADF8-136BD661AE86}.Debug|ARM64.ActiveCfg = Debug|ARM64
		{77457BC6-BDCC-4584-ADF8-136BD661AE86}.Debug|ARM64.Build.0 = Debug|ARM64
		{77457BC6-BDCC-4584-ADF8-136BD661AE86}.Debug|x64.ActiveCfg = Debug|x64
		{77457BC6-BDCC-4584-ADF8-136BD661AE86}.Debug|x64.Build.0 = Debug|x64
		{77457BC6-BDCC-4584-ADF8-136BD661AE86}.Debug|x86.ActiveCfg = Debug|x86
		{77457BC6-BDCC-4584-ADF8-136BD661AE86}.Debug|x86.Build.0 = Debug|x86
		{77457BC6-BDCC-4584-ADF8-136BD661AE86}.Release|Any CPU.ActiveCfg = Release|x64
		{77457BC6-BDCC-4584-ADF8-136BD661AE86}.Release|ARM64.ActiveCfg = Release|ARM64
		{77457BC6-BDCC-4584-ADF8-136BD661AE86}.Release|ARM64.Build.0 = Release|ARM64
		{77457BC6-BDCC-4584-ADF8-136BD661AE86}.Release|x64.ActiveCfg = Release|x64
		{77457BC6-BDCC-4584-ADF8-136BD661AE86}.Release|x64.Build.0 = Release|x64
		{77457BC6-BDCC-4584-ADF8-136BD661AE86}.Release|x86.ActiveCfg = Release|x86
		{77457BC6-BDCC-4584-ADF8-136BD661AE86}.Release|x86.Build.0 = Release|x86
		{4C193FC4-FAF4-47E4-95AE-B20318A465B5}.Debug|Any CPU.ActiveCfg = Debug|Any CPU
		{4C193FC4-FAF4-47E4-95AE-B20318A465B5}.Debug|ARM64.ActiveCfg = Debug|Any CPU
		{4C193FC4-FAF4-47E4-95AE-B20318A465B5}.Debug|ARM64.Build.0 = Debug|Any CPU
		{4C193FC4-FAF4-47E4-95AE-B20318A465B5}.Debug|x64.ActiveCfg = Debug|Any CPU
		{4C193FC4-FAF4-47E4-95AE-B20318A465B5}.Debug|x64.Build.0 = Debug|Any CPU
		{4C193FC4-FAF4-47E4-95AE-B20318A465B5}.Debug|x86.ActiveCfg = Debug|Any CPU
		{4C193FC4-FAF4-47E4-95AE-B20318A465B5}.Debug|x86.Build.0 = Debug|Any CPU
		{4C193FC4-FAF4-47E4-95AE-B20318A465B5}.Release|Any CPU.ActiveCfg = Release|Any CPU
		{4C193FC4-FAF4-47E4-95AE-B20318A465B5}.Release|ARM64.ActiveCfg = Release|Any CPU
		{4C193FC4-FAF4-47E4-95AE-B20318A465B5}.Release|ARM64.Build.0 = Release|Any CPU
		{4C193FC4-FAF4-47E4-95AE-B20318A465B5}.Release|x64.ActiveCfg = Release|Any CPU
		{4C193FC4-FAF4-47E4-95AE-B20318A465B5}.Release|x64.Build.0 = Release|Any CPU
		{4C193FC4-FAF4-47E4-95AE-B20318A465B5}.Release|x86.ActiveCfg = Release|Any CPU
		{4C193FC4-FAF4-47E4-95AE-B20318A465B5}.Release|x86.Build.0 = Release|Any CPU
		{8144EE73-9136-4236-B2B7-534ED6A2182A}.Debug|Any CPU.ActiveCfg = Debug|Any CPU
		{8144EE73-9136-4236-B2B7-534ED6A2182A}.Debug|Any CPU.Build.0 = Debug|Any CPU
		{8144EE73-9136-4236-B2B7-534ED6A2182A}.Debug|ARM64.ActiveCfg = Debug|Any CPU
		{8144EE73-9136-4236-B2B7-534ED6A2182A}.Debug|ARM64.Build.0 = Debug|Any CPU
		{8144EE73-9136-4236-B2B7-534ED6A2182A}.Debug|x64.ActiveCfg = Debug|Any CPU
		{8144EE73-9136-4236-B2B7-534ED6A2182A}.Debug|x64.Build.0 = Debug|Any CPU
		{8144EE73-9136-4236-B2B7-534ED6A2182A}.Debug|x86.ActiveCfg = Debug|Any CPU
		{8144EE73-9136-4236-B2B7-534ED6A2182A}.Debug|x86.Build.0 = Debug|Any CPU
		{8144EE73-9136-4236-B2B7-534ED6A2182A}.Release|Any CPU.ActiveCfg = Release|Any CPU
		{8144EE73-9136-4236-B2B7-534ED6A2182A}.Release|Any CPU.Build.0 = Release|Any CPU
		{8144EE73-9136-4236-B2B7-534ED6A2182A}.Release|ARM64.ActiveCfg = Release|Any CPU
		{8144EE73-9136-4236-B2B7-534ED6A2182A}.Release|ARM64.Build.0 = Release|Any CPU
		{8144EE73-9136-4236-B2B7-534ED6A2182A}.Release|x64.ActiveCfg = Release|Any CPU
		{8144EE73-9136-4236-B2B7-534ED6A2182A}.Release|x64.Build.0 = Release|Any CPU
		{8144EE73-9136-4236-B2B7-534ED6A2182A}.Release|x86.ActiveCfg = Release|Any CPU
		{8144EE73-9136-4236-B2B7-534ED6A2182A}.Release|x86.Build.0 = Release|Any CPU
		{8F3CE414-58D4-40FC-A3C9-DF4A4FCACB8E}.Debug|Any CPU.ActiveCfg = Debug|Any CPU
		{8F3CE414-58D4-40FC-A3C9-DF4A4FCACB8E}.Debug|Any CPU.Build.0 = Debug|Any CPU
		{8F3CE414-58D4-40FC-A3C9-DF4A4FCACB8E}.Debug|ARM64.ActiveCfg = Debug|Any CPU
		{8F3CE414-58D4-40FC-A3C9-DF4A4FCACB8E}.Debug|ARM64.Build.0 = Debug|Any CPU
		{8F3CE414-58D4-40FC-A3C9-DF4A4FCACB8E}.Debug|x64.ActiveCfg = Debug|Any CPU
		{8F3CE414-58D4-40FC-A3C9-DF4A4FCACB8E}.Debug|x64.Build.0 = Debug|Any CPU
		{8F3CE414-58D4-40FC-A3C9-DF4A4FCACB8E}.Debug|x86.ActiveCfg = Debug|Any CPU
		{8F3CE414-58D4-40FC-A3C9-DF4A4FCACB8E}.Debug|x86.Build.0 = Debug|Any CPU
		{8F3CE414-58D4-40FC-A3C9-DF4A4FCACB8E}.Release|Any CPU.ActiveCfg = Release|Any CPU
		{8F3CE414-58D4-40FC-A3C9-DF4A4FCACB8E}.Release|Any CPU.Build.0 = Release|Any CPU
		{8F3CE414-58D4-40FC-A3C9-DF4A4FCACB8E}.Release|ARM64.ActiveCfg = Release|Any CPU
		{8F3CE414-58D4-40FC-A3C9-DF4A4FCACB8E}.Release|ARM64.Build.0 = Release|Any CPU
		{8F3CE414-58D4-40FC-A3C9-DF4A4FCACB8E}.Release|x64.ActiveCfg = Release|Any CPU
		{8F3CE414-58D4-40FC-A3C9-DF4A4FCACB8E}.Release|x64.Build.0 = Release|Any CPU
		{8F3CE414-58D4-40FC-A3C9-DF4A4FCACB8E}.Release|x86.ActiveCfg = Release|Any CPU
		{8F3CE414-58D4-40FC-A3C9-DF4A4FCACB8E}.Release|x86.Build.0 = Release|Any CPU
		{5ED813F7-0BEC-41B5-BAF6-4AA4F7D0C6ED}.Debug|Any CPU.ActiveCfg = Debug|Any CPU
		{5ED813F7-0BEC-41B5-BAF6-4AA4F7D0C6ED}.Debug|Any CPU.Build.0 = Debug|Any CPU
		{5ED813F7-0BEC-41B5-BAF6-4AA4F7D0C6ED}.Debug|ARM64.ActiveCfg = Debug|Any CPU
		{5ED813F7-0BEC-41B5-BAF6-4AA4F7D0C6ED}.Debug|ARM64.Build.0 = Debug|Any CPU
		{5ED813F7-0BEC-41B5-BAF6-4AA4F7D0C6ED}.Debug|x64.ActiveCfg = Debug|Any CPU
		{5ED813F7-0BEC-41B5-BAF6-4AA4F7D0C6ED}.Debug|x64.Build.0 = Debug|Any CPU
		{5ED813F7-0BEC-41B5-BAF6-4AA4F7D0C6ED}.Debug|x86.ActiveCfg = Debug|Any CPU
		{5ED813F7-0BEC-41B5-BAF6-4AA4F7D0C6ED}.Debug|x86.Build.0 = Debug|Any CPU
		{5ED813F7-0BEC-41B5-BAF6-4AA4F7D0C6ED}.Release|Any CPU.ActiveCfg = Release|Any CPU
		{5ED813F7-0BEC-41B5-BAF6-4AA4F7D0C6ED}.Release|Any CPU.Build.0 = Release|Any CPU
		{5ED813F7-0BEC-41B5-BAF6-4AA4F7D0C6ED}.Release|ARM64.ActiveCfg = Release|Any CPU
		{5ED813F7-0BEC-41B5-BAF6-4AA4F7D0C6ED}.Release|ARM64.Build.0 = Release|Any CPU
		{5ED813F7-0BEC-41B5-BAF6-4AA4F7D0C6ED}.Release|x64.ActiveCfg = Release|Any CPU
		{5ED813F7-0BEC-41B5-BAF6-4AA4F7D0C6ED}.Release|x64.Build.0 = Release|Any CPU
		{5ED813F7-0BEC-41B5-BAF6-4AA4F7D0C6ED}.Release|x86.ActiveCfg = Release|Any CPU
		{5ED813F7-0BEC-41B5-BAF6-4AA4F7D0C6ED}.Release|x86.Build.0 = Release|Any CPU
		{0A343D29-DC11-483C-B69A-DD73BC8B95C4}.Debug|Any CPU.ActiveCfg = Debug|Any CPU
		{0A343D29-DC11-483C-B69A-DD73BC8B95C4}.Debug|Any CPU.Build.0 = Debug|Any CPU
		{0A343D29-DC11-483C-B69A-DD73BC8B95C4}.Debug|ARM64.ActiveCfg = Debug|Any CPU
		{0A343D29-DC11-483C-B69A-DD73BC8B95C4}.Debug|ARM64.Build.0 = Debug|Any CPU
		{0A343D29-DC11-483C-B69A-DD73BC8B95C4}.Debug|x64.ActiveCfg = Debug|Any CPU
		{0A343D29-DC11-483C-B69A-DD73BC8B95C4}.Debug|x64.Build.0 = Debug|Any CPU
		{0A343D29-DC11-483C-B69A-DD73BC8B95C4}.Debug|x86.ActiveCfg = Debug|Any CPU
		{0A343D29-DC11-483C-B69A-DD73BC8B95C4}.Debug|x86.Build.0 = Debug|Any CPU
		{0A343D29-DC11-483C-B69A-DD73BC8B95C4}.Release|Any CPU.ActiveCfg = Release|Any CPU
		{0A343D29-DC11-483C-B69A-DD73BC8B95C4}.Release|Any CPU.Build.0 = Release|Any CPU
		{0A343D29-DC11-483C-B69A-DD73BC8B95C4}.Release|ARM64.ActiveCfg = Release|Any CPU
		{0A343D29-DC11-483C-B69A-DD73BC8B95C4}.Release|ARM64.Build.0 = Release|Any CPU
		{0A343D29-DC11-483C-B69A-DD73BC8B95C4}.Release|x64.ActiveCfg = Release|Any CPU
		{0A343D29-DC11-483C-B69A-DD73BC8B95C4}.Release|x64.Build.0 = Release|Any CPU
		{0A343D29-DC11-483C-B69A-DD73BC8B95C4}.Release|x86.ActiveCfg = Release|Any CPU
		{0A343D29-DC11-483C-B69A-DD73BC8B95C4}.Release|x86.Build.0 = Release|Any CPU
	EndGlobalSection
	GlobalSection(SolutionProperties) = preSolution
		HideSolutionNode = FALSE
	EndGlobalSection
	GlobalSection(NestedProjects) = preSolution
		{CD7CBB13-8F2B-4CBC-B2E7-4DBC7F2005AD} = {89C33CBB-6F1B-431C-AC75-24C9DBD9A3E5}
		{9C69DBCA-6E5A-4F7A-98B3-CD9F7B7FA628} = {89C33CBB-6F1B-431C-AC75-24C9DBD9A3E5}
		{51636BC6-D747-40CF-8877-5F90C6A96401} = {89C33CBB-6F1B-431C-AC75-24C9DBD9A3E5}
		{73212ADE-8DFC-4428-8176-B3ADCAF9A8B3} = {89C33CBB-6F1B-431C-AC75-24C9DBD9A3E5}
		{ADE18974-95EB-4D85-8317-CC0C806F7ACA} = {89C33CBB-6F1B-431C-AC75-24C9DBD9A3E5}
		{38BEA472-D57A-402F-A6C4-A3944374A250} = {89C33CBB-6F1B-431C-AC75-24C9DBD9A3E5}
		{AB8EB739-C383-44C6-B4A5-0F5091F979DC} = {89C33CBB-6F1B-431C-AC75-24C9DBD9A3E5}
		{4B8DAFE0-7940-467A-ACEB-A16F1235F416} = {89C33CBB-6F1B-431C-AC75-24C9DBD9A3E5}
		{8144EE73-9136-4236-B2B7-534ED6A2182A} = {89C33CBB-6F1B-431C-AC75-24C9DBD9A3E5}
		{8F3CE414-58D4-40FC-A3C9-DF4A4FCACB8E} = {89C33CBB-6F1B-431C-AC75-24C9DBD9A3E5}
	EndGlobalSection
	GlobalSection(ExtensibilityGlobals) = postSolution
		SolutionGuid = {BED8DED3-F3B6-4088-9C5F-4B98EC72BADB}
	EndGlobalSection
EndGlobal
